
Microsoft Visual Studio Solution File, Format Version 12.00
# Visual Studio Version 17
VisualStudioVersion = 17.10.34928.147
MinimumVisualStudioVersion = 10.0.40219.1
Project("{FAE04EC0-301F-11D3-BF4B-00C04F79EFBC}") = "MusicFree", "MusicFree\MusicFree.csproj", "{9C2D8E86-3E27-4A47-A56D-2F1440C61FCF}"
EndProject
Global
	GlobalSection(SolutionConfigurationPlatforms) = preSolution
		Debug|Any CPU = Debug|Any CPU
		Release|Any CPU = Release|Any CPU
	EndGlobalSection
	GlobalSection(ProjectConfigurationPlatforms) = postSolution
		{9C2D8E86-3E27-4A47-A56D-2F1440C61FCF}.Debug|Any CPU.ActiveCfg = Debug|Any CPU
		{9C2D8E86-3E27-4A47-A56D-2F1440C61FCF}.Debug|Any CPU.Build.0 = Debug|Any CPU
		{9C2D8E86-3E27-4A47-A56D-2F1440C61FCF}.Release|Any CPU.ActiveCfg = Release|Any CPU
		{9C2D8E86-3E27-4A47-A56D-2F1440C61FCF}.Release|Any CPU.Build.0 = Release|Any CPU
	EndGlobalSection
	GlobalSection(SolutionProperties) = preSolution
		HideSolutionNode = FALSE
	EndGlobalSection
	GlobalSection(ExtensibilityGlobals) = postSolution
		SolutionGuid = {3A875CB0-B516-40C9-9DC6-4110735EC3FC}
	EndGlobalSection
EndGlobal
